# THIS IS AN AUTOGENERATED FILE. DO NOT EDIT THIS FILE DIRECTLY.
# yarn lockfile v1


"@babel/code-frame@^7.0.0":
  version "7.5.5"
  resolved "https://registry.yarnpkg.com/@babel/code-frame/-/code-frame-7.5.5.tgz#bc0782f6d69f7b7d49531219699b988f669a8f9d"
  integrity sha512-27d4lZoomVyo51VegxI20xZPuSHusqbQag/ztrBC7wegWoQ1nLREPVSKSW8byhTlzTKyNE4ifaTA6lCp7JjpFw==
  dependencies:
    "@babel/highlight" "^7.0.0"

"@babel/highlight@^7.0.0":
  version "7.5.0"
  resolved "https://registry.yarnpkg.com/@babel/highlight/-/highlight-7.5.0.tgz#56d11312bd9248fa619591d02472be6e8cb32540"
  integrity sha512-7dV4eu9gBxoM0dAnj/BCFDW9LFU0zvTrkq0ugM7pnHEgguOEeOz1so2ZghEdzviYzQEED0r4EAgpsBChKy1TRQ==
  dependencies:
    chalk "^2.0.0"
    esutils "^2.0.2"
    js-tokens "^4.0.0"

"@types/caseless@*":
  version "0.12.2"
  resolved "https://registry.yarnpkg.com/@types/caseless/-/caseless-0.12.2.tgz#f65d3d6389e01eeb458bd54dc8f52b95a9463bc8"
  integrity sha512-6ckxMjBBD8URvjB6J3NcnuAn5Pkl7t3TizAg+xdlzzQGSPSmBcXf8KoIH0ua/i+tio+ZRUHEXp0HEmvaR4kt0w==

"@types/js-yaml@^3.11.2":
  version "3.12.1"
  resolved "https://registry.yarnpkg.com/@types/js-yaml/-/js-yaml-3.12.1.tgz#5c6f4a1eabca84792fbd916f0cb40847f123c656"
  integrity sha512-SGGAhXLHDx+PK4YLNcNGa6goPf9XRWQNAUUbffkwVGGXIxmDKWyGGL4inzq2sPmExu431Ekb9aEMn9BkPqEYFA==

"@types/node@*":
  version "12.7.8"
  resolved "https://registry.yarnpkg.com/@types/node/-/node-12.7.8.tgz#cb1bf6800238898bc2ff6ffa5702c3cadd350708"
  integrity sha512-FMdVn84tJJdV+xe+53sYiZS4R5yn1mAIxfj+DVoNiQjTYz1+OYmjwEZr1ev9nU0axXwda0QDbYl06QHanRVH3A==

"@types/request-promise-native@^1.0.15":
  version "1.0.17"
  resolved "https://registry.yarnpkg.com/@types/request-promise-native/-/request-promise-native-1.0.17.tgz#74a2d7269aebf18b9bdf35f01459cf0a7bfc7fab"
  integrity sha512-05/d0WbmuwjtGMYEdHIBZ0tqMJJQ2AD9LG2F6rKNBGX1SSFR27XveajH//2N/XYtual8T9Axwl+4v7oBtPUZqg==
  dependencies:
    "@types/request" "*"

"@types/request@*", "@types/request@^2.48.1":
  version "2.48.3"
  resolved "https://registry.yarnpkg.com/@types/request/-/request-2.48.3.tgz#970b8ed2317568c390361d29c555a95e74bd6135"
  integrity sha512-3Wo2jNYwqgXcIz/rrq18AdOZUQB8cQ34CXZo+LUwPJNpvRAL86+Kc2wwI8mqpz9Cr1V+enIox5v+WZhy/p3h8w==
  dependencies:
    "@types/caseless" "*"
    "@types/node" "*"
    "@types/tough-cookie" "*"
    form-data "^2.5.0"

"@types/ssh2-streams@*":
  version "0.1.6"
  resolved "https://registry.yarnpkg.com/@types/ssh2-streams/-/ssh2-streams-0.1.6.tgz#1ff5b1fe50c15f282efe9fd092c68494f8702bc2"
  integrity sha512-NB+SYftagfHTDPdgVyvSZCeg5MURyHECd/PycGIW9hwhnEbTFxIdDbFtf3jxUO3rRnfr0lfdtkZFiv28T1cAsg==
  dependencies:
    "@types/node" "*"

"@types/ssh2@^0.5.35":
  version "0.5.39"
  resolved "https://registry.yarnpkg.com/@types/ssh2/-/ssh2-0.5.39.tgz#e39ab7e38fc01337f66237ed6c42237ef3e58e3b"
  integrity sha512-MtX4tr6Jtdn/JPVsQytjB/NBeOd7JfCyf/l79KOdkUYL+r4GXUXcySX1n8W4O61fnQdljTBXEPJJ2dhnGhi2xg==
  dependencies:
    "@types/node" "*"
    "@types/ssh2-streams" "*"

"@types/tough-cookie@*":
  version "2.3.5"
  resolved "https://registry.yarnpkg.com/@types/tough-cookie/-/tough-cookie-2.3.5.tgz#9da44ed75571999b65c37b60c9b2b88db54c585d"
  integrity sha512-SCcK7mvGi3+ZNz833RRjFIxrn4gI1PPR3NtuIS+6vMkvmsGjosqTJwRt5bAEFLRz+wtJMWv8+uOnZf2hi2QXTg==

ajv@^6.5.5:
  version "6.10.2"
  resolved "https://registry.yarnpkg.com/ajv/-/ajv-6.10.2.tgz#d3cea04d6b017b2894ad69040fec8b623eb4bd52"
  integrity sha512-TXtUUEYHuaTEbLZWIKUr5pmBuhDLy+8KYtPYdcV8qC+pOZL+NKqYwvWSRrVXHn+ZmRRAu8vJTAznH7Oag6RVRw==
  dependencies:
    fast-deep-equal "^2.0.1"
    fast-json-stable-stringify "^2.0.0"
    json-schema-traverse "^0.4.1"
    uri-js "^4.2.2"

ansi-styles@^3.2.1:
  version "3.2.1"
  resolved "https://registry.yarnpkg.com/ansi-styles/-/ansi-styles-3.2.1.tgz#41fbb20243e50b12be0f04b8dedbf07520ce841d"
  integrity sha512-VT0ZI6kZRdTh8YyJw3SMbYm/u+NqfsAxEpWO0Pf9sq8/e94WxxOpPKx9FR1FlyCtOVDNOQ+8ntlqFxiRc+r5qA==
  dependencies:
    color-convert "^1.9.0"

anymatch@^3.1.0:
  version "3.1.0"
  resolved "https://registry.yarnpkg.com/anymatch/-/anymatch-3.1.0.tgz#e609350e50a9313b472789b2f14ef35808ee14d6"
  integrity sha512-Ozz7l4ixzI7Oxj2+cw+p0tVUt27BpaJ+1+q1TCeANWxHpvyn2+Un+YamBdfKu0uh8xLodGhoa1v7595NhKDAuA==
  dependencies:
    normalize-path "^3.0.0"
    picomatch "^2.0.4"

arg@^4.1.0:
  version "4.1.1"
  resolved "https://registry.yarnpkg.com/arg/-/arg-4.1.1.tgz#485f8e7c390ce4c5f78257dbea80d4be11feda4c"
  integrity sha512-SlmP3fEA88MBv0PypnXZ8ZfJhwmDeIE3SP71j37AiXQBXYosPV0x6uISAaHYSlSVhmHOVkomen0tbGk6Anlebw==

argparse@^1.0.7:
  version "1.0.10"
  resolved "https://registry.yarnpkg.com/argparse/-/argparse-1.0.10.tgz#bcd6791ea5ae09725e17e5ad988134cd40b3d911"
  integrity sha512-o5Roy6tNG4SL/FOkCAN6RzjiakZS25RLYFrcMttJqbdd8BWrnA+fGz57iN5Pb06pvBGvl5gQ0B48dJlslXvoTg==
  dependencies:
    sprintf-js "~1.0.2"

asn1@~0.2.0, asn1@~0.2.3:
  version "0.2.4"
  resolved "https://registry.yarnpkg.com/asn1/-/asn1-0.2.4.tgz#8d2475dfab553bb33e77b54e59e880bb8ce23136"
  integrity sha512-jxwzQpLQjSmWXgwaCZE9Nz+glAG01yF1QnWgbhGwHI5A6FRIEY6IVqtHhIepHqI7/kyEyQEagBC5mBEFlIYvdg==
  dependencies:
    safer-buffer "~2.1.0"

assert-plus@1.0.0, assert-plus@^1.0.0:
  version "1.0.0"
  resolved "https://registry.yarnpkg.com/assert-plus/-/assert-plus-1.0.0.tgz#f12e0f3c5d77b0b1cdd9146942e4e96c1e4dd525"
  integrity sha1-8S4PPF13sLHN2RRpQuTpbB5N1SU=

asynckit@^0.4.0:
  version "0.4.0"
  resolved "https://registry.yarnpkg.com/asynckit/-/asynckit-0.4.0.tgz#c79ed97f7f34cb8f2ba1bc9790bcc366474b4b79"
  integrity sha1-x57Zf380y48robyXkLzDZkdLS3k=

aws-sign2@~0.7.0:
  version "0.7.0"
  resolved "https://registry.yarnpkg.com/aws-sign2/-/aws-sign2-0.7.0.tgz#b46e890934a9591f2d2f6f86d7e6a9f1b3fe76a8"
  integrity sha1-tG6JCTSpWR8tL2+G1+ap8bP+dqg=

aws4@^1.8.0:
  version "1.8.0"
  resolved "https://registry.yarnpkg.com/aws4/-/aws4-1.8.0.tgz#f0e003d9ca9e7f59c7a508945d7b2ef9a04a542f"
  integrity sha512-ReZxvNHIOv88FlT7rxcXIIC0fPt4KZqZbOlivyWtXLt8ESx84zd3kMC6iK5jVeS2qt+g7ftS7ye4fi06X5rtRQ==

balanced-match@^1.0.0:
  version "1.0.0"
  resolved "https://registry.yarnpkg.com/balanced-match/-/balanced-match-1.0.0.tgz#89b4d199ab2bee49de164ea02b89ce462d71b767"
  integrity sha1-ibTRmasr7kneFk6gK4nORi1xt2c=

bcrypt-pbkdf@^1.0.0, bcrypt-pbkdf@^1.0.2:
  version "1.0.2"
  resolved "https://registry.yarnpkg.com/bcrypt-pbkdf/-/bcrypt-pbkdf-1.0.2.tgz#a4301d389b6a43f9b67ff3ca11a3f6637e360e9e"
  integrity sha1-pDAdOJtqQ/m2f/PKEaP2Y342Dp4=
  dependencies:
    tweetnacl "^0.14.3"

binary-extensions@^2.0.0:
  version "2.0.0"
  resolved "https://registry.yarnpkg.com/binary-extensions/-/binary-extensions-2.0.0.tgz#23c0df14f6a88077f5f986c0d167ec03c3d5537c"
  integrity sha512-Phlt0plgpIIBOGTT/ehfFnbNlfsDEiqmzE2KRXoX1bLIlir4X/MR+zSyBEkL05ffWgnRSf/DXv+WrUAVr93/ow==

brace-expansion@^1.1.7:
  version "1.1.11"
  resolved "https://registry.yarnpkg.com/brace-expansion/-/brace-expansion-1.1.11.tgz#3c7fcbf529d87226f3d2f52b966ff5271eb441dd"
  integrity sha512-iCuPHDFgrHX7H2vEI/5xpz07zSHB00TpugqhmYtVmMO6518mCuRMoOYFldEBl0g187ufozdaHgWKcYFb61qGiA==
  dependencies:
    balanced-match "^1.0.0"
    concat-map "0.0.1"

braces@^3.0.2:
  version "3.0.2"
  resolved "https://registry.yarnpkg.com/braces/-/braces-3.0.2.tgz#3454e1a462ee8d599e236df336cd9ea4f8afe107"
  integrity sha512-b8um+L1RzM3WDSzvhm6gIz1yfTbBt6YTlcEKAvsmqCZZFw46z626lVj9j1yEPW33H5H+lBQpZMP1k8l+78Ha0A==
  dependencies:
    fill-range "^7.0.1"

buffer-from@^1.0.0:
  version "1.1.1"
  resolved "https://registry.yarnpkg.com/buffer-from/-/buffer-from-1.1.1.tgz#32713bc028f75c02fdb710d7c7bcec1f2c6070ef"
  integrity sha512-MQcXEUbCKtEo7bhqEs6560Hyd4XaovZlO/k9V3hjVUF/zwW7KBVdSK4gIt/bzwS9MbR5qob+F5jusZsb0YQK2A==

builtin-modules@^1.1.1:
  version "1.1.1"
  resolved "https://registry.yarnpkg.com/builtin-modules/-/builtin-modules-1.1.1.tgz#270f076c5a72c02f5b65a47df94c5fe3a278892f"
  integrity sha1-Jw8HbFpywC9bZaR9+Uxf46J4iS8=

caseless@~0.12.0:
  version "0.12.0"
  resolved "https://registry.yarnpkg.com/caseless/-/caseless-0.12.0.tgz#1b681c21ff84033c826543090689420d187151dc"
  integrity sha1-G2gcIf+EAzyCZUMJBolCDRhxUdw=

chalk@^2.0.0, chalk@^2.3.0:
  version "2.4.2"
  resolved "https://registry.yarnpkg.com/chalk/-/chalk-2.4.2.tgz#cd42541677a54333cf541a49108c1432b44c9424"
  integrity sha512-Mti+f9lpJNcwF4tWV8/OrTTtF1gZi+f8FqlyAdouralcFWFQWF2+NgCHShjkCb+IFBLq9buZwE1xckQU4peSuQ==
  dependencies:
    ansi-styles "^3.2.1"
    escape-string-regexp "^1.0.5"
    supports-color "^5.3.0"

chokidar@^3.1.1:
  version "3.1.1"
  resolved "https://registry.yarnpkg.com/chokidar/-/chokidar-3.1.1.tgz#27e953f3950336efcc455fd03e240c7299062003"
  integrity sha512-df4o16uZmMHzVQwECZRHwfguOt5ixpuQVaZHjYMvYisgKhE+JXwcj/Tcr3+3bu/XeOJQ9ycYmzu7Mv8XrGxJDQ==
  dependencies:
    anymatch "^3.1.0"
    braces "^3.0.2"
    glob-parent "^5.0.0"
    is-binary-path "^2.1.0"
    is-glob "^4.0.1"
    normalize-path "^3.0.0"
    readdirp "^3.1.1"
  optionalDependencies:
    fsevents "^2.0.6"

color-convert@^1.9.0:
  version "1.9.3"
  resolved "https://registry.yarnpkg.com/color-convert/-/color-convert-1.9.3.tgz#bb71850690e1f136567de629d2d5471deda4c1e8"
  integrity sha512-QfAUtd+vFdAtFQcC8CCyYt1fYWxSqAiK2cSD6zDB8N3cpsEBAvRxp9zOGg6G/SHHJYAT88/az/IuDGALsNVbGg==
  dependencies:
    color-name "1.1.3"

color-name@1.1.3:
  version "1.1.3"
  resolved "https://registry.yarnpkg.com/color-name/-/color-name-1.1.3.tgz#a7d0558bd89c42f795dd42328f740831ca53bc25"
  integrity sha1-p9BVi9icQveV3UIyj3QIMcpTvCU=

colors@^1.3.0:
  version "1.4.0"
  resolved "https://registry.yarnpkg.com/colors/-/colors-1.4.0.tgz#c50491479d4c1bdaed2c9ced32cf7c7dc2360f78"
  integrity sha512-a+UqTh4kgZg/SlGvfbzDHpgRu7AAQOmmqRHJnxhRZICKFUT91brVhNNt58CMWU9PsBbv3PDCZUHbVxuDiH2mtA==

combined-stream@^1.0.6, combined-stream@~1.0.6:
  version "1.0.8"
  resolved "https://registry.yarnpkg.com/combined-stream/-/combined-stream-1.0.8.tgz#c3d45a8b34fd730631a110a8a2520682b31d5a7f"
  integrity sha512-FQN4MRfuJeHf7cBbBMJFXhKSDq+2kAArBlmRBvcvFE5BB1HZKXtSFASDhdlz9zOYwxh8lDdnvmMOe/+5cdoEdg==
  dependencies:
    delayed-stream "~1.0.0"

commander@^2.12.1:
  version "2.20.0"
  resolved "https://registry.yarnpkg.com/commander/-/commander-2.20.0.tgz#d58bb2b5c1ee8f87b0d340027e9e94e222c5a422"
  integrity sha512-7j2y+40w61zy6YC2iRNpUe/NwhNyoXrYpHMrSunaMG64nRnaf96zO/KMQR4OyN/UnE5KLyEBnKHd4aG3rskjpQ==

commander@^3.0.2:
  version "3.0.2"
  resolved "https://registry.yarnpkg.com/commander/-/commander-3.0.2.tgz#6837c3fb677ad9933d1cfba42dd14d5117d6b39e"
  integrity sha512-Gar0ASD4BDyKC4hl4DwHqDrmvjoxWKZigVnAbn5H1owvm4CxCPdb0HQDehwNYMJpla5+M2tPmPARzhtYuwpHow==

concat-map@0.0.1:
  version "0.0.1"
  resolved "https://registry.yarnpkg.com/concat-map/-/concat-map-0.0.1.tgz#d8a96bd77fd68df7793a73036a3ba0d5405d477b"
  integrity sha1-2Klr13/Wjfd5OnMDajug1UBdR3s=

core-util-is@1.0.2:
  version "1.0.2"
  resolved "https://registry.yarnpkg.com/core-util-is/-/core-util-is-1.0.2.tgz#b5fd54220aa2bc5ab57aab7140c940754503c1a7"
  integrity sha1-tf1UIgqivFq1eqtxQMlAdUUDwac=

dashdash@^1.12.0:
  version "1.14.1"
  resolved "https://registry.yarnpkg.com/dashdash/-/dashdash-1.14.1.tgz#853cfa0f7cbe2fed5de20326b8dd581035f6e2f0"
  integrity sha1-hTz6D3y+L+1d4gMmuN1YEDX24vA=
  dependencies:
    assert-plus "^1.0.0"

delayed-stream@~1.0.0:
  version "1.0.0"
  resolved "https://registry.yarnpkg.com/delayed-stream/-/delayed-stream-1.0.0.tgz#df3ae199acadfb7d440aaae0b29e2272b24ec619"
  integrity sha1-3zrhmayt+31ECqrgsp4icrJOxhk=

diff@^4.0.1:
  version "4.0.1"
  resolved "https://registry.yarnpkg.com/diff/-/diff-4.0.1.tgz#0c667cb467ebbb5cea7f14f135cc2dba7780a8ff"
  integrity sha512-s2+XdvhPCOF01LRQBC8hf4vhbVmI2CGS5aZnxLJlT5FtdhPCDFq80q++zK2KlrVorVDdL5BOGZ/VfLrVtYNF+Q==

ecc-jsbn@~0.1.1:
  version "0.1.2"
  resolved "https://registry.yarnpkg.com/ecc-jsbn/-/ecc-jsbn-0.1.2.tgz#3a83a904e54353287874c564b7549386849a98c9"
  integrity sha1-OoOpBOVDUyh4dMVkt1SThoSamMk=
  dependencies:
    jsbn "~0.1.0"
    safer-buffer "^2.1.0"

escape-string-regexp@^1.0.5:
  version "1.0.5"
  resolved "https://registry.yarnpkg.com/escape-string-regexp/-/escape-string-regexp-1.0.5.tgz#1b61c0562190a8dff6ae3bb2cf0200ca130b86d4"
  integrity sha1-G2HAViGQqN/2rjuyzwIAyhMLhtQ=

esprima@^4.0.0:
  version "4.0.1"
  resolved "https://registry.yarnpkg.com/esprima/-/esprima-4.0.1.tgz#13b04cdb3e6c5d19df91ab6987a8695619b0aa71"
  integrity sha512-eGuFFw7Upda+g4p+QHvnW0RyTX/SVeJBDM/gCtMARO0cLuT2HcEKnTPvhjV6aGeqrCB/sbNop0Kszm0jsaWU4A==

esutils@^2.0.2:
  version "2.0.3"
  resolved "https://registry.yarnpkg.com/esutils/-/esutils-2.0.3.tgz#74d2eb4de0b8da1293711910d50775b9b710ef64"
  integrity sha512-kVscqXk4OCp68SZ0dkgEKVi6/8ij300KBWTJq32P/dYeWTSwK41WyTxalN1eRmA5Z9UU/LX9D7FWSmV9SAYx6g==

extend@~3.0.2:
  version "3.0.2"
  resolved "https://registry.yarnpkg.com/extend/-/extend-3.0.2.tgz#f8b1136b4071fbd8eb140aff858b1019ec2915fa"
  integrity sha512-fjquC59cD7CyW6urNXK0FBufkZcoiGG80wTuPujX590cB5Ttln20E2UB4S/WARVqhXffZl2LNgS+gQdPIIim/g==

extsprintf@1.3.0:
  version "1.3.0"
  resolved "https://registry.yarnpkg.com/extsprintf/-/extsprintf-1.3.0.tgz#96918440e3041a7a414f8c52e3c574eb3c3e1e05"
  integrity sha1-lpGEQOMEGnpBT4xS48V06zw+HgU=

extsprintf@^1.2.0:
  version "1.4.0"
  resolved "https://registry.yarnpkg.com/extsprintf/-/extsprintf-1.4.0.tgz#e2689f8f356fad62cca65a3a91c5df5f9551692f"
  integrity sha1-4mifjzVvrWLMplo6kcXfX5VRaS8=

fast-deep-equal@^2.0.1:
  version "2.0.1"
  resolved "https://registry.yarnpkg.com/fast-deep-equal/-/fast-deep-equal-2.0.1.tgz#7b05218ddf9667bf7f370bf7fdb2cb15fdd0aa49"
  integrity sha1-ewUhjd+WZ79/Nwv3/bLLFf3Qqkk=

fast-json-stable-stringify@^2.0.0:
  version "2.0.0"
  resolved "https://registry.yarnpkg.com/fast-json-stable-stringify/-/fast-json-stable-stringify-2.0.0.tgz#d5142c0caee6b1189f87d3a76111064f86c8bbf2"
  integrity sha1-1RQsDK7msRifh9OnYREGT4bIu/I=

fill-range@^7.0.1:
  version "7.0.1"
  resolved "https://registry.yarnpkg.com/fill-range/-/fill-range-7.0.1.tgz#1919a6a7c75fe38b2c7c77e5198535da9acdda40"
  integrity sha512-qOo9F+dMUmC2Lcb4BbVvnKJxTPjCm+RRpe4gDuGrzkL7mEVl/djYSu2OdQ2Pa302N4oqkSg9ir6jaLWJ2USVpQ==
  dependencies:
    to-regex-range "^5.0.1"

forever-agent@~0.6.1:
  version "0.6.1"
  resolved "https://registry.yarnpkg.com/forever-agent/-/forever-agent-0.6.1.tgz#fbc71f0c41adeb37f96c577ad1ed42d8fdacca91"
  integrity sha1-+8cfDEGt6zf5bFd60e1C2P2sypE=

form-data@^2.5.0:
  version "2.5.1"
  resolved "https://registry.yarnpkg.com/form-data/-/form-data-2.5.1.tgz#f2cbec57b5e59e23716e128fe44d4e5dd23895f4"
  integrity sha512-m21N3WOmEEURgk6B9GLOE4RuWOFf28Lhh9qGYeNlGq4VDXUlJy2th2slBNU8Gp8EzloYZOibZJ7t5ecIrFSjVA==
  dependencies:
    asynckit "^0.4.0"
    combined-stream "^1.0.6"
    mime-types "^2.1.12"

form-data@~2.3.2:
  version "2.3.3"
  resolved "https://registry.yarnpkg.com/form-data/-/form-data-2.3.3.tgz#dcce52c05f644f298c6a7ab936bd724ceffbf3a6"
  integrity sha512-1lLKB2Mu3aGP1Q/2eCOx0fNbRMe7XdwktwOruhfqqd0rIJWwN4Dh+E3hrPSlDCXnSR7UtZ1N38rVXm+6+MEhJQ==
  dependencies:
    asynckit "^0.4.0"
    combined-stream "^1.0.6"
    mime-types "^2.1.12"

fp-ts@^2.0.1:
  version "2.0.5"
  resolved "https://registry.yarnpkg.com/fp-ts/-/fp-ts-2.0.5.tgz#9560d8a6a4f53cbda9f9b31ed8d1458e41939e07"
  integrity sha512-opI5r+rVlpZE7Rhk0YtqsrmxGkbIw0dRNqGca8FEAMMnjomXotG+R9QkLQg20onx7R8qhepAn4CCOP8usma/Xw==

fs.realpath@^1.0.0:
  version "1.0.0"
  resolved "https://registry.yarnpkg.com/fs.realpath/-/fs.realpath-1.0.0.tgz#1504ad2523158caa40db4a2787cb01411994ea4f"
  integrity sha1-FQStJSMVjKpA20onh8sBQRmU6k8=

fsevents@^2.0.6:
  version "2.0.7"
  resolved "https://registry.yarnpkg.com/fsevents/-/fsevents-2.0.7.tgz#382c9b443c6cbac4c57187cdda23aa3bf1ccfc2a"
  integrity sha512-a7YT0SV3RB+DjYcppwVDLtn13UQnmg0SWZS7ezZD0UjnLwXmy8Zm21GMVGLaFGimIqcvyMQaOJBrop8MyOp1kQ==

getpass@^0.1.1:
  version "0.1.7"
  resolved "https://registry.yarnpkg.com/getpass/-/getpass-0.1.7.tgz#5eff8e3e684d569ae4cb2b1282604e8ba62149fa"
  integrity sha1-Xv+OPmhNVprkyysSgmBOi6YhSfo=
  dependencies:
    assert-plus "^1.0.0"

glob-parent@^5.0.0:
  version "5.1.0"
  resolved "https://registry.yarnpkg.com/glob-parent/-/glob-parent-5.1.0.tgz#5f4c1d1e748d30cd73ad2944b3577a81b081e8c2"
  integrity sha512-qjtRgnIVmOfnKUE3NJAQEdk+lKrxfw8t5ke7SXtfMTHcjsBfOfWXCQfdb30zfDoZQ2IRSIiidmjtbHZPZ++Ihw==
  dependencies:
    is-glob "^4.0.1"

glob@^7.1.1:
  version "7.1.4"
  resolved "https://registry.yarnpkg.com/glob/-/glob-7.1.4.tgz#aa608a2f6c577ad357e1ae5a5c26d9a8d1969255"
  integrity sha512-hkLPepehmnKk41pUGm3sYxoFs/umurYfYJCerbXEyFIWcAzvpipAgVkBqqT9RBKMGjnq6kMuyYwha6csxbiM1A==
  dependencies:
    fs.realpath "^1.0.0"
    inflight "^1.0.4"
    inherits "2"
    minimatch "^3.0.4"
    once "^1.3.0"
    path-is-absolute "^1.0.0"

har-schema@^2.0.0:
  version "2.0.0"
  resolved "https://registry.yarnpkg.com/har-schema/-/har-schema-2.0.0.tgz#a94c2224ebcac04782a0d9035521f24735b7ec92"
  integrity sha1-qUwiJOvKwEeCoNkDVSHyRzW37JI=

har-validator@~5.1.0:
  version "5.1.3"
  resolved "https://registry.yarnpkg.com/har-validator/-/har-validator-5.1.3.tgz#1ef89ebd3e4996557675eed9893110dc350fa080"
  integrity sha512-sNvOCzEQNr/qrvJgc3UG/kD4QtlHycrzwS+6mfTrrSq97BvaYcPZZI1ZSqGSPR73Cxn4LKTD4PttRwfU7jWq5g==
  dependencies:
    ajv "^6.5.5"
    har-schema "^2.0.0"

has-flag@^3.0.0:
  version "3.0.0"
  resolved "https://registry.yarnpkg.com/has-flag/-/has-flag-3.0.0.tgz#b5d454dc2199ae225699f3467e5a07f3b955bafd"
  integrity sha1-tdRU3CGZriJWmfNGfloH87lVuv0=

http-signature@~1.2.0:
  version "1.2.0"
  resolved "https://registry.yarnpkg.com/http-signature/-/http-signature-1.2.0.tgz#9aecd925114772f3d95b65a60abb8f7c18fbace1"
  integrity sha1-muzZJRFHcvPZW2WmCruPfBj7rOE=
  dependencies:
    assert-plus "^1.0.0"
    jsprim "^1.2.2"
    sshpk "^1.7.0"

inflight@^1.0.4:
  version "1.0.6"
  resolved "https://registry.yarnpkg.com/inflight/-/inflight-1.0.6.tgz#49bd6331d7d02d0c09bc910a1075ba8165b56df9"
  integrity sha1-Sb1jMdfQLQwJvJEKEHW6gWW1bfk=
  dependencies:
    once "^1.3.0"
    wrappy "1"

inherits@2:
  version "2.0.4"
  resolved "https://registry.yarnpkg.com/inherits/-/inherits-2.0.4.tgz#0fa2c64f932917c3433a0ded55363aae37416b7c"
  integrity sha512-k/vGaX4/Yla3WzyMCvTQOXYeIHvqOKtnqBduzTHpzpQZzAskKMhZ2K+EnBiSM9zGSoIFeMpXKxa4dYeZIQqewQ==

io-ts@^2.0.1:
  version "2.0.1"
  resolved "https://registry.yarnpkg.com/io-ts/-/io-ts-2.0.1.tgz#1261c12f915c2f48d16393a36966636b48a45aa1"
  integrity sha512-RezD+WcCfW4VkMkEcQWL/Nmy/nqsWTvTYg7oUmTGzglvSSV2P9h2z1PVeREPFf0GWNzruYleAt1XCMQZSg1xxQ==

is-binary-path@^2.1.0:
  version "2.1.0"
  resolved "https://registry.yarnpkg.com/is-binary-path/-/is-binary-path-2.1.0.tgz#ea1f7f3b80f064236e83470f86c09c254fb45b09"
  integrity sha512-ZMERYes6pDydyuGidse7OsHxtbI7WVeUEozgR/g7rd0xUimYNlvZRE/K2MgZTjWy725IfelLeVcEM97mmtRGXw==
  dependencies:
    binary-extensions "^2.0.0"

is-extglob@^2.1.1:
  version "2.1.1"
  resolved "https://registry.yarnpkg.com/is-extglob/-/is-extglob-2.1.1.tgz#a88c02535791f02ed37c76a1b9ea9773c833f8c2"
  integrity sha1-qIwCU1eR8C7TfHahueqXc8gz+MI=

is-glob@^4.0.1:
  version "4.0.1"
  resolved "https://registry.yarnpkg.com/is-glob/-/is-glob-4.0.1.tgz#7567dbe9f2f5e2467bc77ab83c4a29482407a5dc"
  integrity sha512-5G0tKtBTFImOqDnLB2hG6Bp2qcKEFduo4tZu9MT/H6NQv/ghhy30o55ufafxJ/LdH79LLs2Kfrn85TLKyA7BUg==
  dependencies:
    is-extglob "^2.1.1"

is-number@^7.0.0:
  version "7.0.0"
  resolved "https://registry.yarnpkg.com/is-number/-/is-number-7.0.0.tgz#7535345b896734d5f80c4d06c50955527a14f12b"
  integrity sha512-41Cifkg6e8TylSpdtTpeLVMqvSBEVzTttHvERD741+pnZ8ANv0004MRL43QKPDlK9cGvNp6NZWZUBlbGXYxxng==

is-typedarray@~1.0.0:
  version "1.0.0"
  resolved "https://registry.yarnpkg.com/is-typedarray/-/is-typedarray-1.0.0.tgz#e479c80858df0c1b11ddda6940f96011fcda4a9a"
  integrity sha1-5HnICFjfDBsR3dppQPlgEfzaSpo=

isstream@~0.1.2:
  version "0.1.2"
  resolved "https://registry.yarnpkg.com/isstream/-/isstream-0.1.2.tgz#47e63f7af55afa6f92e1500e690eb8b8529c099a"
  integrity sha1-R+Y/evVa+m+S4VAOaQ64uFKcCZo=

js-tokens@^4.0.0:
  version "4.0.0"
  resolved "https://registry.yarnpkg.com/js-tokens/-/js-tokens-4.0.0.tgz#19203fb59991df98e3a287050d4647cdeaf32499"
  integrity sha512-RdJUflcE3cUzKiMqQgsCu06FPu9UdIJO0beYbPhHN4k6apgJtifcoCtT9bcxOpYBtpD2kCM6Sbzg4CausW/PKQ==

js-yaml@^3.12.0, js-yaml@^3.13.1:
  version "3.13.1"
  resolved "https://registry.yarnpkg.com/js-yaml/-/js-yaml-3.13.1.tgz#aff151b30bfdfa8e49e05da22e7415e9dfa37847"
  integrity sha512-YfbcO7jXDdyj0DGxYVSlSeQNHbD7XPWvrVWeVUujrQEoZzWJIRrCPoyk6kL6IAjAG2IolMK4T0hNUe0HOUs5Jw==
  dependencies:
    argparse "^1.0.7"
    esprima "^4.0.0"

jsbn@~0.1.0:
  version "0.1.1"
  resolved "https://registry.yarnpkg.com/jsbn/-/jsbn-0.1.1.tgz#a5e654c2e5a2deb5f201d96cefbca80c0ef2f513"
  integrity sha1-peZUwuWi3rXyAdls77yoDA7y9RM=

json-schema-traverse@^0.4.1:
  version "0.4.1"
  resolved "https://registry.yarnpkg.com/json-schema-traverse/-/json-schema-traverse-0.4.1.tgz#69f6a87d9513ab8bb8fe63bdb0979c448e684660"
  integrity sha512-xbbCH5dCYU5T8LcEhhuh7HJ88HXuW3qsI3Y0zOZFKfZEHcpWiHU/Jxzk629Brsab/mMiHQti9wMP+845RPe3Vg==

json-schema@0.2.3:
  version "0.2.3"
  resolved "https://registry.yarnpkg.com/json-schema/-/json-schema-0.2.3.tgz#b480c892e59a2f05954ce727bd3f2a4e882f9e13"
  integrity sha1-tIDIkuWaLwWVTOcnvT8qTogvnhM=

json-stringify-safe@~5.0.1:
  version "5.0.1"
  resolved "https://registry.yarnpkg.com/json-stringify-safe/-/json-stringify-safe-5.0.1.tgz#1296a2d58fd45f19a0f6ce01d65701e2c735b6eb"
  integrity sha1-Epai1Y/UXxmg9s4B1lcB4sc1tus=

jsprim@^1.2.2:
  version "1.4.1"
  resolved "https://registry.yarnpkg.com/jsprim/-/jsprim-1.4.1.tgz#313e66bc1e5cc06e438bc1b7499c2e5c56acb6a2"
  integrity sha1-MT5mvB5cwG5Di8G3SZwuXFastqI=
  dependencies:
    assert-plus "1.0.0"
    extsprintf "1.3.0"
    json-schema "0.2.3"
    verror "1.10.0"

lodash@^4.17.11:
  version "4.17.15"
  resolved "https://registry.yarnpkg.com/lodash/-/lodash-4.17.15.tgz#b447f6670a0455bbfeedd11392eff330ea097548"
  integrity sha512-8xOcRHvCjnocdS5cpwXQXVzmmh5e5+saE2QGoeQmbKmRS6J3VQppPOIt0MnmE+4xlZoumy0GPG0D0MVIQbNA1A==

make-error@^1.1.1:
  version "1.3.5"
  resolved "https://registry.yarnpkg.com/make-error/-/make-error-1.3.5.tgz#efe4e81f6db28cadd605c70f29c831b58ef776c8"
  integrity sha512-c3sIjNUow0+8swNwVpqoH4YCShKNFkMaw6oH1mNS2haDZQqkeZFlHS3dhoeEbKKmJB4vXpJucU6oH75aDYeE9g==

mime-db@1.40.0:
  version "1.40.0"
  resolved "https://registry.yarnpkg.com/mime-db/-/mime-db-1.40.0.tgz#a65057e998db090f732a68f6c276d387d4126c32"
  integrity sha512-jYdeOMPy9vnxEqFRRo6ZvTZ8d9oPb+k18PKoYNYUe2stVEBPPwsln/qWzdbmaIvnhZ9v2P+CuecK+fpUfsV2mA==

mime-types@^2.1.12, mime-types@~2.1.19:
  version "2.1.24"
  resolved "https://registry.yarnpkg.com/mime-types/-/mime-types-2.1.24.tgz#b6f8d0b3e951efb77dedeca194cff6d16f676f81"
  integrity sha512-WaFHS3MCl5fapm3oLxU4eYDw77IQM2ACcxQ9RIxfaC3ooc6PFuBMGZZsYpvoXS5D5QTWPieo1jjLdAm3TBP3cQ==
  dependencies:
    mime-db "1.40.0"

minimatch@^3.0.4:
  version "3.0.4"
  resolved "https://registry.yarnpkg.com/minimatch/-/minimatch-3.0.4.tgz#5166e286457f03306064be5497e8dbb0c3d32083"
  integrity sha512-yJHVQEhyqPLUTgt9B83PXu6W3rx4MvvHvSUvToogpwoGDOUQ+yDrR0HRot+yOCdCO7u4hX3pWft6kWBBcqh0UA==
  dependencies:
    brace-expansion "^1.1.7"

minimist@0.0.8:
  version "0.0.8"
  resolved "https://registry.yarnpkg.com/minimist/-/minimist-0.0.8.tgz#857fcabfc3397d2625b8228262e86aa7a011b05d"
  integrity sha1-hX/Kv8M5fSYluCKCYuhqp6ARsF0=

mkdirp@^0.5.1:
  version "0.5.1"
  resolved "https://registry.yarnpkg.com/mkdirp/-/mkdirp-0.5.1.tgz#30057438eac6cf7f8c4767f38648d6697d75c903"
  integrity sha1-MAV0OOrGz3+MR2fzhkjWaX11yQM=
  dependencies:
    minimist "0.0.8"

normalize-path@^3.0.0:
  version "3.0.0"
  resolved "https://registry.yarnpkg.com/normalize-path/-/normalize-path-3.0.0.tgz#0dcd69ff23a1c9b11fd0978316644a0388216a65"
  integrity sha512-6eZs5Ls3WtCisHWp9S2GUy8dqkpGi4BVSz3GaqiE6ezub0512ESztXUwUB6C6IKbQkY2Pnb/mD4WYojCRwcwLA==

oauth-sign@~0.9.0:
  version "0.9.0"
  resolved "https://registry.yarnpkg.com/oauth-sign/-/oauth-sign-0.9.0.tgz#47a7b016baa68b5fa0ecf3dee08a85c679ac6455"
  integrity sha512-fexhUFFPTGV8ybAtSIGbV6gOkSv8UtRbDBnAyLQw4QPKkgNlsH2ByPGtMUqdWkos6YCRmAqViwgZrJc/mRDzZQ==

once@^1.3.0:
  version "1.4.0"
  resolved "https://registry.yarnpkg.com/once/-/once-1.4.0.tgz#583b1aa775961d4b113ac17d9c50baef9dd76bd1"
  integrity sha1-WDsap3WWHUsROsF9nFC6753Xa9E=
  dependencies:
    wrappy "1"

path-is-absolute@^1.0.0:
  version "1.0.1"
  resolved "https://registry.yarnpkg.com/path-is-absolute/-/path-is-absolute-1.0.1.tgz#174b9268735534ffbc7ace6bf53a5a9e1b5c5f5f"
  integrity sha1-F0uSaHNVNP+8es5r9TpanhtcX18=

path-parse@^1.0.6:
  version "1.0.6"
  resolved "https://registry.yarnpkg.com/path-parse/-/path-parse-1.0.6.tgz#d62dbb5679405d72c4737ec58600e9ddcf06d24c"
  integrity sha512-GSmOT2EbHrINBf9SR7CDELwlJ8AENk3Qn7OikK4nFYAu3Ote2+JYNVvkpAEQm3/TLNEJFD/xZJjzyxg3KBWOzw==

performance-now@^2.1.0:
  version "2.1.0"
  resolved "https://registry.yarnpkg.com/performance-now/-/performance-now-2.1.0.tgz#6309f4e0e5fa913ec1c69307ae364b4b377c9e7b"
  integrity sha1-Ywn04OX6kT7BxpMHrjZLSzd8nns=

picomatch@^2.0.4:
  version "2.0.7"
  resolved "https://registry.yarnpkg.com/picomatch/-/picomatch-2.0.7.tgz#514169d8c7cd0bdbeecc8a2609e34a7163de69f6"
  integrity sha512-oLHIdio3tZ0qH76NybpeneBhYVj0QFTfXEFTc/B3zKQspYfYYkWYgFsmzo+4kvId/bQRcNkVeguI3y+CD22BtA==

psl@^1.1.24, psl@^1.1.28:
  version "1.4.0"
  resolved "https://registry.yarnpkg.com/psl/-/psl-1.4.0.tgz#5dd26156cdb69fa1fdb8ab1991667d3f80ced7c2"
  integrity sha512-HZzqCGPecFLyoRj5HLfuDSKYTJkAfB5thKBIkRHtGjWwY7p1dAyveIbXIq4tO0KYfDF2tHqPUgY9SDnGm00uFw==

punycode@^1.4.1:
  version "1.4.1"
  resolved "https://registry.yarnpkg.com/punycode/-/punycode-1.4.1.tgz#c0d5a63b2718800ad8e1eb0fa5269c84dd41845e"
  integrity sha1-wNWmOycYgArY4esPpSachN1BhF4=

punycode@^2.1.0, punycode@^2.1.1:
  version "2.1.1"
  resolved "https://registry.yarnpkg.com/punycode/-/punycode-2.1.1.tgz#b58b010ac40c22c5657616c8d2c2c02c7bf479ec"
  integrity sha512-XRsRjdf+j5ml+y/6GKHPZbrF/8p2Yga0JPtdqTIY2Xe5ohJPD9saDJJLPvp9+NSBprVvevdXZybnj2cv8OEd0A==

qs@~6.5.2:
  version "6.5.2"
  resolved "https://registry.yarnpkg.com/qs/-/qs-6.5.2.tgz#cb3ae806e8740444584ef154ce8ee98d403f3e36"
  integrity sha512-N5ZAX4/LxJmF+7wN74pUD6qAh9/wnvdQcjq9TZjevvXzSUo7bfmw91saqMjzGS2xq91/odN2dW/WOl7qQHNDGA==

readdirp@^3.1.1:
  version "3.1.2"
  resolved "https://registry.yarnpkg.com/readdirp/-/readdirp-3.1.2.tgz#fa85d2d14d4289920e4671dead96431add2ee78a"
  integrity sha512-8rhl0xs2cxfVsqzreYCvs8EwBfn/DhVdqtoLmw19uI3SC5avYX9teCurlErfpPXGmYtMHReGaP2RsLnFvz/lnw==
  dependencies:
    picomatch "^2.0.4"

request-promise-core@1.1.2:
  version "1.1.2"
  resolved "https://registry.yarnpkg.com/request-promise-core/-/request-promise-core-1.1.2.tgz#339f6aababcafdb31c799ff158700336301d3346"
  integrity sha512-UHYyq1MO8GsefGEt7EprS8UrXsm1TxEvFUX1IMTuSLU2Rh7fTIdFtl8xD7JiEYiWU2dl+NYAjCTksTehQUxPag==
  dependencies:
    lodash "^4.17.11"

request-promise-native@^1.0.7:
  version "1.0.7"
  resolved "https://registry.yarnpkg.com/request-promise-native/-/request-promise-native-1.0.7.tgz#a49868a624bdea5069f1251d0a836e0d89aa2c59"
  integrity sha512-rIMnbBdgNViL37nZ1b3L/VfPOpSi0TqVDQPAvO6U14lMzOLrt5nilxCQqtDKhZeDiW0/hkCXGoQjhgJd/tCh6w==
  dependencies:
    request-promise-core "1.1.2"
    stealthy-require "^1.1.1"
    tough-cookie "^2.3.3"

request@^2.88.0:
  version "2.88.0"
  resolved "https://registry.yarnpkg.com/request/-/request-2.88.0.tgz#9c2fca4f7d35b592efe57c7f0a55e81052124fef"
  integrity sha512-NAqBSrijGLZdM0WZNsInLJpkJokL72XYjUpnB0iwsRgxh7dB6COrHnTBNwN0E+lHDAJzu7kLAkDeY08z2/A0hg==
  dependencies:
    aws-sign2 "~0.7.0"
    aws4 "^1.8.0"
    caseless "~0.12.0"
    combined-stream "~1.0.6"
    extend "~3.0.2"
    forever-agent "~0.6.1"
    form-data "~2.3.2"
    har-validator "~5.1.0"
    http-signature "~1.2.0"
    is-typedarray "~1.0.0"
    isstream "~0.1.2"
    json-stringify-safe "~5.0.1"
    mime-types "~2.1.19"
    oauth-sign "~0.9.0"
    performance-now "^2.1.0"
    qs "~6.5.2"
    safe-buffer "^5.1.2"
    tough-cookie "~2.4.3"
    tunnel-agent "^0.6.0"
    uuid "^3.3.2"

resolve@^1.3.2:
  version "1.12.0"
  resolved "https://registry.yarnpkg.com/resolve/-/resolve-1.12.0.tgz#3fc644a35c84a48554609ff26ec52b66fa577df6"
  integrity sha512-B/dOmuoAik5bKcD6s6nXDCjzUKnaDvdkRyAk6rsmsKLipWj4797iothd7jmmUhWTfinVMU+wc56rYKsit2Qy4w==
  dependencies:
    path-parse "^1.0.6"

safe-buffer@^5.0.1, safe-buffer@^5.1.2:
  version "5.2.0"
  resolved "https://registry.yarnpkg.com/safe-buffer/-/safe-buffer-5.2.0.tgz#b74daec49b1148f88c64b68d49b1e815c1f2f519"
  integrity sha512-fZEwUGbVl7kouZs1jCdMLdt95hdIv0ZeHg6L7qPeciMZhZ+/gdesW4wgTARkrFWEpspjEATAzUGPG8N2jJiwbg==

safer-buffer@^2.0.2, safer-buffer@^2.1.0, safer-buffer@~2.1.0:
  version "2.1.2"
  resolved "https://registry.yarnpkg.com/safer-buffer/-/safer-buffer-2.1.2.tgz#44fa161b0187b9549dd84bb91802f9bd8385cd6a"
  integrity sha512-YZo3K82SD7Riyi0E1EQPojLz7kpepnSQI9IyPbHHg1XXXevb5dJI7tpyN2ADxGcQbHG7vcyRHk0cbwqcQriUtg==

semver@^5.3.0:
  version "5.7.1"
  resolved "https://registry.yarnpkg.com/semver/-/semver-5.7.1.tgz#a954f931aeba508d307bbf069eff0c01c96116f7"
  integrity sha512-sauaDf/PZdVgrLTNYHRtpXa1iRiKcaebiKQ1BJdpQlWH2lCvexQdX55snPFyK7QzpudqbCI0qXFfOasHdyNDGQ==

source-map-support@^0.5.6:
  version "0.5.13"
  resolved "https://registry.yarnpkg.com/source-map-support/-/source-map-support-0.5.13.tgz#31b24a9c2e73c2de85066c0feb7d44767ed52932"
  integrity sha512-SHSKFHadjVA5oR4PPqhtAVdcBWwRYVd6g6cAXnIbRiIwc2EhPrTuKUBdSLvlEKyIP3GCf89fltvcZiP9MMFA1w==
  dependencies:
    buffer-from "^1.0.0"
    source-map "^0.6.0"

source-map@^0.6.0:
  version "0.6.1"
  resolved "https://registry.yarnpkg.com/source-map/-/source-map-0.6.1.tgz#74722af32e9614e9c287a8d0bbde48b5e2f1a263"
  integrity sha512-UjgapumWlbMhkBgzT7Ykc5YXUT46F0iKu8SGXq0bcwP5dz/h0Plj6enJqjz1Zbq2l5WaqYnrVbwWOWMyF3F47g==

sprintf-js@~1.0.2:
  version "1.0.3"
  resolved "https://registry.yarnpkg.com/sprintf-js/-/sprintf-js-1.0.3.tgz#04e6926f662895354f3dd015203633b857297e2c"
  integrity sha1-BOaSb2YolTVPPdAVIDYzuFcpfiw=

ssh2-streams@~0.4.4:
  version "0.4.6"
  resolved "https://registry.yarnpkg.com/ssh2-streams/-/ssh2-streams-0.4.6.tgz#1ef0bca163141b4baedf047c8429e48be8c2d99d"
  integrity sha512-jXq/nk2K82HuueO9CTCdas/a0ncX3fvYzEPKt1+ftKwE5RXTX25GyjcpjBh2lwVUYbk0c9yq6cBczZssWmU3Tw==
  dependencies:
    asn1 "~0.2.0"
    bcrypt-pbkdf "^1.0.2"
    streamsearch "~0.1.2"

ssh2@^0.8.2:
  version "0.8.5"
  resolved "https://registry.yarnpkg.com/ssh2/-/ssh2-0.8.5.tgz#9144cdd6c104aa81b2b16ce647c109f4bd138b57"
  integrity sha512-TkvzxSYYUSQ8jb//HbHnJVui4fVEW7yu/zwBxwro/QaK2EGYtwB+8gdEChwHHuj142c5+250poMC74aJiwApPw==
  dependencies:
    ssh2-streams "~0.4.4"

sshpk@^1.7.0:
  version "1.16.1"
  resolved "https://registry.yarnpkg.com/sshpk/-/sshpk-1.16.1.tgz#fb661c0bef29b39db40769ee39fa70093d6f6877"
  integrity sha512-HXXqVUq7+pcKeLqqZj6mHFUMvXtOJt1uoUx09pFW6011inTMxqI8BA8PM95myrIyyKwdnzjdFjLiE6KBPVtJIg==
  dependencies:
    asn1 "~0.2.3"
    assert-plus "^1.0.0"
    bcrypt-pbkdf "^1.0.0"
    dashdash "^1.12.0"
    ecc-jsbn "~0.1.1"
    getpass "^0.1.1"
    jsbn "~0.1.0"
    safer-buffer "^2.0.2"
    tweetnacl "~0.14.0"

stealthy-require@^1.1.1:
  version "1.1.1"
  resolved "https://registry.yarnpkg.com/stealthy-require/-/stealthy-require-1.1.1.tgz#35b09875b4ff49f26a777e509b3090a3226bf24b"
  integrity sha1-NbCYdbT/SfJqd35QmzCQoyJr8ks=

streamsearch@~0.1.2:
  version "0.1.2"
  resolved "https://registry.yarnpkg.com/streamsearch/-/streamsearch-0.1.2.tgz#808b9d0e56fc273d809ba57338e929919a1a9f1a"
  integrity sha1-gIudDlb8Jz2Am6VzOOkpkZoanxo=

supports-color@^5.3.0:
  version "5.5.0"
  resolved "https://registry.yarnpkg.com/supports-color/-/supports-color-5.5.0.tgz#e2e69a44ac8772f78a1ec0b35b689df6530efc8f"
  integrity sha512-QjVjwdXIt408MIiAqCX4oUKsgU2EqAGzs2Ppkm4aQYbjm+ZEWEcW4SfFNTr4uMNZma0ey4f5lgLrkB0aX0QMow==
  dependencies:
    has-flag "^3.0.0"

to-regex-range@^5.0.1:
  version "5.0.1"
  resolved "https://registry.yarnpkg.com/to-regex-range/-/to-regex-range-5.0.1.tgz#1648c44aae7c8d988a326018ed72f5b4dd0392e4"
  integrity sha512-65P7iz6X5yEr1cwcgvQxbbIw7Uk3gOy5dIdtZ4rDveLqhrdJP+Li/Hx6tyK0NEb+2GCyneCMJiGqrADCSNk8sQ==
  dependencies:
    is-number "^7.0.0"

tough-cookie@^2.3.3:
  version "2.5.0"
  resolved "https://registry.yarnpkg.com/tough-cookie/-/tough-cookie-2.5.0.tgz#cd9fb2a0aa1d5a12b473bd9fb96fa3dcff65ade2"
  integrity sha512-nlLsUzgm1kfLXSXfRZMc1KLAugd4hqJHDTvc2hDIwS3mZAfMEuMbc03SujMF+GEcpaX/qboeycw6iO8JwVv2+g==
  dependencies:
    psl "^1.1.28"
    punycode "^2.1.1"

tough-cookie@~2.4.3:
  version "2.4.3"
  resolved "https://registry.yarnpkg.com/tough-cookie/-/tough-cookie-2.4.3.tgz#53f36da3f47783b0925afa06ff9f3b165280f781"
  integrity sha512-Q5srk/4vDM54WJsJio3XNn6K2sCG+CQ8G5Wz6bZhRZoAe/+TxjWB/GlFAnYEbkYVlON9FMk/fE3h2RLpPXo4lQ==
  dependencies:
    psl "^1.1.24"
    punycode "^1.4.1"

ts-node@^8.0.3:
  version "8.4.1"
  resolved "https://registry.yarnpkg.com/ts-node/-/ts-node-8.4.1.tgz#270b0dba16e8723c9fa4f9b4775d3810fd994b4f"
  integrity sha512-5LpRN+mTiCs7lI5EtbXmF/HfMeCjzt7DH9CZwtkr6SywStrNQC723wG+aOWFiLNn7zT3kD/RnFqi3ZUfr4l5Qw==
  dependencies:
    arg "^4.1.0"
    diff "^4.0.1"
    make-error "^1.1.1"
    source-map-support "^0.5.6"
    yn "^3.0.0"

tslib@^1.8.0, tslib@^1.8.1:
  version "1.10.0"
  resolved "https://registry.yarnpkg.com/tslib/-/tslib-1.10.0.tgz#c3c19f95973fb0a62973fb09d90d961ee43e5c8a"
  integrity sha512-qOebF53frne81cf0S9B41ByenJ3/IuH8yJKngAX35CmiZySA0khhkovshKK+jGCaMnVomla7gVlIcc3EvKPbTQ==

tslint@^5.10.0:
  version "5.20.0"
  resolved "https://registry.yarnpkg.com/tslint/-/tslint-5.20.0.tgz#fac93bfa79568a5a24e7be9cdde5e02b02d00ec1"
  integrity sha512-2vqIvkMHbnx8acMogAERQ/IuINOq6DFqgF8/VDvhEkBqQh/x6SP0Y+OHnKth9/ZcHQSroOZwUQSN18v8KKF0/g==
  dependencies:
    "@babel/code-frame" "^7.0.0"
    builtin-modules "^1.1.1"
    chalk "^2.3.0"
    commander "^2.12.1"
    diff "^4.0.1"
    glob "^7.1.1"
    js-yaml "^3.13.1"
    minimatch "^3.0.4"
    mkdirp "^0.5.1"
    resolve "^1.3.2"
    semver "^5.3.0"
    tslib "^1.8.0"
    tsutils "^2.29.0"

tsutils@^2.29.0:
  version "2.29.0"
  resolved "https://registry.yarnpkg.com/tsutils/-/tsutils-2.29.0.tgz#32b488501467acbedd4b85498673a0812aca0b99"
  integrity sha512-g5JVHCIJwzfISaXpXE1qvNalca5Jwob6FjI4AoPlqMusJ6ftFE7IkkFoMhVLRgK+4Kx3gkzb8UZK5t5yTTvEmA==
  dependencies:
    tslib "^1.8.1"

tunnel-agent@^0.6.0:
  version "0.6.0"
  resolved "https://registry.yarnpkg.com/tunnel-agent/-/tunnel-agent-0.6.0.tgz#27a5dea06b36b04a0a9966774b290868f0fc40fd"
  integrity sha1-J6XeoGs2sEoKmWZ3SykIaPD8QP0=
  dependencies:
    safe-buffer "^5.0.1"

tweetnacl@^0.14.3, tweetnacl@~0.14.0:
  version "0.14.5"
  resolved "https://registry.yarnpkg.com/tweetnacl/-/tweetnacl-0.14.5.tgz#5ae68177f192d4456269d108afa93ff8743f4f64"
  integrity sha1-WuaBd/GS1EViadEIr6k/+HQ/T2Q=

typescript@^3.1.4:
  version "3.6.3"
  resolved "https://registry.yarnpkg.com/typescript/-/typescript-3.6.3.tgz#fea942fabb20f7e1ca7164ff626f1a9f3f70b4da"
  integrity sha512-N7bceJL1CtRQ2RiG0AQME13ksR7DiuQh/QehubYcghzv20tnh+MQnQIuJddTmsbqYj+dztchykemz0zFzlvdQw==

uri-js@^4.2.2:
  version "4.2.2"
  resolved "https://registry.yarnpkg.com/uri-js/-/uri-js-4.2.2.tgz#94c540e1ff772956e2299507c010aea6c8838eb0"
  integrity sha512-KY9Frmirql91X2Qgjry0Wd4Y+YTdrdZheS8TFwvkbLWf/G5KNJDCh6pKL5OZctEW4+0Baa5idK2ZQuELRwPznQ==
  dependencies:
    punycode "^2.1.0"

uuid@^3.3.2:
  version "3.3.3"
  resolved "https://registry.yarnpkg.com/uuid/-/uuid-3.3.3.tgz#4568f0216e78760ee1dbf3a4d2cf53e224112866"
  integrity sha512-pW0No1RGHgzlpHJO1nsVrHKpOEIxkGg1xB+v0ZmdNH5OAeAwzAVrCnI2/6Mtx+Uys6iaylxa+D3g4j63IKKjSQ==

verror@1.10.0:
  version "1.10.0"
  resolved "https://registry.yarnpkg.com/verror/-/verror-1.10.0.tgz#3a105ca17053af55d6e270c1f8288682e18da400"
  integrity sha1-OhBcoXBTr1XW4nDB+CiGguGNpAA=
  dependencies:
    assert-plus "^1.0.0"
    core-util-is "1.0.2"
    extsprintf "^1.2.0"

wrappy@1:
  version "1.0.2"
  resolved "https://registry.yarnpkg.com/wrappy/-/wrappy-1.0.2.tgz#b5243d8f3ec1aa35f1364605bc0d1036e30ab69f"
  integrity sha1-tSQ9jz7BqjXxNkYFvA0QNuMKtp8=

yn@^3.0.0:
  version "3.1.1"
  resolved "https://registry.yarnpkg.com/yn/-/yn-3.1.1.tgz#1e87401a09d767c1d5eab26a6e4c185182d2eb50"
  integrity sha512-Ux4ygGWsu2c7isFWe8Yu1YluJmqVhxqK2cLXNQA5AcC3QfbGNpM7fu0Y8b/z16pXLnFxZYvWhd3fhBY9DLmC6Q==
